
Microsoft Visual Studio Solution File, Format Version 12.00
# Visual Studio Version 17
VisualStudioVersion = 17.9.34728.123
MinimumVisualStudioVersion = 10.0.40219.1
Project("{FAE04EC0-301F-11D3-BF4B-00C04F79EFBC}") = "Leads.Server", "Leads.Server\Leads.Server.csproj", "{1082DB48-FC93-4F52-A4C4-4F04C466A294}"
EndProject
Project("{54A90642-561A-4BB1-A94E-469ADEE60C69}") = "leads.client", "leads.client\leads.client.esproj", "{A6731F3B-20E3-4672-A541-56C370589FA5}"
EndProject
Project("{FAE04EC0-301F-11D3-BF4B-00C04F79EFBC}") = "Leads.Server.Test", "Leads.Server.Test\Leads.Server.Test.csproj", "{DD45481C-CB5F-420F-99E3-D4D879A60F0C}"
EndProject
Global
	GlobalSection(SolutionConfigurationPlatforms) = preSolution
		Debug|Any CPU = Debug|Any CPU
		Release|Any CPU = Release|Any CPU
	EndGlobalSection
	GlobalSection(ProjectConfigurationPlatforms) = postSolution
		{1082DB48-FC93-4F52-A4C4-4F04C466A294}.Debug|Any CPU.ActiveCfg = Debug|Any CPU
		{1082DB48-FC93-4F52-A4C4-4F04C466A294}.Debug|Any CPU.Build.0 = Debug|Any CPU
		{1082DB48-FC93-4F52-A4C4-4F04C466A294}.Release|Any CPU.ActiveCfg = Release|Any CPU
		{1082DB48-FC93-4F52-A4C4-4F04C466A294}.Release|Any CPU.Build.0 = Release|Any CPU
		{A6731F3B-20E3-4672-A541-56C370589FA5}.Debug|Any CPU.ActiveCfg = Debug|Any CPU
		{A6731F3B-20E3-4672-A541-56C370589FA5}.Debug|Any CPU.Build.0 = Debug|Any CPU
		{A6731F3B-20E3-4672-A541-56C370589FA5}.Debug|Any CPU.Deploy.0 = Debug|Any CPU
		{A6731F3B-20E3-4672-A541-56C370589FA5}.Release|Any CPU.ActiveCfg = Release|Any CPU
		{A6731F3B-20E3-4672-A541-56C370589FA5}.Release|Any CPU.Build.0 = Release|Any CPU
		{A6731F3B-20E3-4672-A541-56C370589FA5}.Release|Any CPU.Deploy.0 = Release|Any CPU
		{DD45481C-CB5F-420F-99E3-D4D879A60F0C}.Debug|Any CPU.ActiveCfg = Debug|Any CPU
		{DD45481C-CB5F-420F-99E3-D4D879A60F0C}.Debug|Any CPU.Build.0 = Debug|Any CPU
		{DD45481C-CB5F-420F-99E3-D4D879A60F0C}.Release|Any CPU.ActiveCfg = Release|Any CPU
		{DD45481C-CB5F-420F-99E3-D4D879A60F0C}.Release|Any CPU.Build.0 = Release|Any CPU
	EndGlobalSection
	GlobalSection(SolutionProperties) = preSolution
		HideSolutionNode = FALSE
	EndGlobalSection
	GlobalSection(ExtensibilityGlobals) = postSolution
		SolutionGuid = {9625CC4A-A013-446C-996A-406EEC78C5A4}
	EndGlobalSection
EndGlobal
